// !$*UTF8*$!
{
	archiveVersion = 1;
	classes = {
	};
	objectVersion = 46;
	objects = {

/* Begin PBXBuildFile section */
		16AF6C0B1E9B30270022C051 /* Dropp.swift in Sources */ = {isa = PBXBuildFile; fileRef = 16AF6C0A1E9B30270022C051 /* Dropp.swift */; };
		2986B0CE30CF1A30A6B10072 /* Pods_DroppTests.framework in Frameworks */ = {isa = PBXBuildFile; fileRef = A89741AD814E44A9F9D24FC3 /* Pods_DroppTests.framework */; };
		690D081F200FC79400C687FD /* UICopyableLabel.swift in Sources */ = {isa = PBXBuildFile; fileRef = 690D081E200FC79400C687FD /* UICopyableLabel.swift */; };
		6910835E1FE4B8890030C34D /* Main.storyboard in Resources */ = {isa = PBXBuildFile; fileRef = 6910835D1FE4B8890030C34D /* Main.storyboard */; };
		691083601FE4BB500030C34D /* MapKit.framework in Frameworks */ = {isa = PBXBuildFile; fileRef = 6910835F1FE4BB500030C34D /* MapKit.framework */; };
		691083671FE4BF3C0030C34D /* MainViewController.swift in Sources */ = {isa = PBXBuildFile; fileRef = 691083661FE4BF3C0030C34D /* MainViewController.swift */; };
		6910836B1FE52C540030C34D /* CreateDroppViewController.swift in Sources */ = {isa = PBXBuildFile; fileRef = 6910836A1FE52C540030C34D /* CreateDroppViewController.swift */; };
		6910836D1FE59BF10030C34D /* Background-Strip-2000x500.png in Resources */ = {isa = PBXBuildFile; fileRef = 6910836C1FE59BF00030C34D /* Background-Strip-2000x500.png */; };
		691083701FE5BF080030C34D /* HttpUtil.swift in Sources */ = {isa = PBXBuildFile; fileRef = 6910836F1FE5BF080030C34D /* HttpUtil.swift */; };
		6918F18E1FE8D9CD00041010 /* CreateDropp.storyboard in Resources */ = {isa = PBXBuildFile; fileRef = 6918F18D1FE8D9CD00041010 /* CreateDropp.storyboard */; };
		6918F1901FE8F4C600041010 /* UIColor+CustomColors.swift in Sources */ = {isa = PBXBuildFile; fileRef = 6918F18F1FE8F4C600041010 /* UIColor+CustomColors.swift */; };
		6918F1D81FEE4A3600041010 /* UIAlertController+CustomInit.swift in Sources */ = {isa = PBXBuildFile; fileRef = 6918F1D71FEE4A3600041010 /* UIAlertController+CustomInit.swift */; };
		691B1AB61FEF3C7C0043EBA0 /* FeedViewController.swift in Sources */ = {isa = PBXBuildFile; fileRef = 691B1AB51FEF3C7C0043EBA0 /* FeedViewController.swift */; };
		691B1ABB1FEF3D240043EBA0 /* DroppTableViewCell.swift in Sources */ = {isa = PBXBuildFile; fileRef = 691B1AB91FEF3D240043EBA0 /* DroppTableViewCell.swift */; };
		693483231FE5D92800A0B381 /* SwiftyJSON.framework in Frameworks */ = {isa = PBXBuildFile; fileRef = 693483251FE5D92800A0B381 /* SwiftyJSON.framework */; };
		6935E6D9200EE32200548066 /* UIButton+Shortcuts.swift in Sources */ = {isa = PBXBuildFile; fileRef = 6935E6D8200EE32200548066 /* UIButton+Shortcuts.swift */; };
		69387B5C2000A6280029147B /* Profile.storyboard in Resources */ = {isa = PBXBuildFile; fileRef = 69387B5B2000A6280029147B /* Profile.storyboard */; };
		69387B5E2000CC1F0029147B /* User.swift in Sources */ = {isa = PBXBuildFile; fileRef = 69387B5D2000CC1F0029147B /* User.swift */; };
		69387B622001375B0029147B /* ProfileViewController.swift in Sources */ = {isa = PBXBuildFile; fileRef = 69387B612001375B0029147B /* ProfileViewController.swift */; };
		69387B662001526E0029147B /* DroppDetail.storyboard in Resources */ = {isa = PBXBuildFile; fileRef = 69387B652001526E0029147B /* DroppDetail.storyboard */; };
		69387B682003CD7E0029147B /* FeedViewControllerDelegate.swift in Sources */ = {isa = PBXBuildFile; fileRef = 69387B672003CD7E0029147B /* FeedViewControllerDelegate.swift */; };
		69387B6A2003D1430029147B /* ProfileHeaderTableViewCell.swift in Sources */ = {isa = PBXBuildFile; fileRef = 69387B692003D1430029147B /* ProfileHeaderTableViewCell.swift */; };
		693AFB4B1FFF5E8E008901A0 /* Event.swift in Sources */ = {isa = PBXBuildFile; fileRef = 693AFB4A1FFF5E8E008901A0 /* Event.swift */; };
		693AFB4C1FFF5E8E008901A0 /* Event.swift in Sources */ = {isa = PBXBuildFile; fileRef = 693AFB4A1FFF5E8E008901A0 /* Event.swift */; };
		693AFB4E1FFF69E9008901A0 /* NSError+Shortcuts.swift in Sources */ = {isa = PBXBuildFile; fileRef = 693AFB4D1FFF69E9008901A0 /* NSError+Shortcuts.swift */; };
		693AFB4F1FFF69E9008901A0 /* NSError+Shortcuts.swift in Sources */ = {isa = PBXBuildFile; fileRef = 693AFB4D1FFF69E9008901A0 /* NSError+Shortcuts.swift */; };
		694F2A751FE5DFB900E23D7E /* DroppService.swift in Sources */ = {isa = PBXBuildFile; fileRef = 694F2A741FE5DFB900E23D7E /* DroppService.swift */; };
		694F2A771FE5E5B700E23D7E /* LocationManager.swift in Sources */ = {isa = PBXBuildFile; fileRef = 694F2A761FE5E5B700E23D7E /* LocationManager.swift */; };
		695CF3A11EFF2263007D07A7 /* Int+Conversions.swift in Sources */ = {isa = PBXBuildFile; fileRef = 695CF3A01EFF2263007D07A7 /* Int+Conversions.swift */; };
		695CF3A51EFF22DE007D07A7 /* String+Shortcuts.swift in Sources */ = {isa = PBXBuildFile; fileRef = 695CF3A41EFF22DE007D07A7 /* String+Shortcuts.swift */; };
		695CF3A71EFF230E007D07A7 /* NsMutableData+Shortcuts.swift in Sources */ = {isa = PBXBuildFile; fileRef = 695CF3A61EFF230E007D07A7 /* NsMutableData+Shortcuts.swift */; };
		695CF3A91EFF234F007D07A7 /* Double+Shortcuts.swift in Sources */ = {isa = PBXBuildFile; fileRef = 695CF3A81EFF234F007D07A7 /* Double+Shortcuts.swift */; };
		695CF3AC1EFF2438007D07A7 /* Collections+Shortcuts.swift in Sources */ = {isa = PBXBuildFile; fileRef = 695CF3AB1EFF2438007D07A7 /* Collections+Shortcuts.swift */; };
		695CF3AE1EFF298D007D07A7 /* CLLocationCoordinate2D+Conversions.swift in Sources */ = {isa = PBXBuildFile; fileRef = 695CF3AD1EFF298D007D07A7 /* CLLocationCoordinate2D+Conversions.swift */; };
		6982FF5C2006C1090015D069 /* UIView+Shortcuts.swift in Sources */ = {isa = PBXBuildFile; fileRef = 6982FF5B2006C1090015D069 /* UIView+Shortcuts.swift */; };
		6982FF5E2006FB400015D069 /* ProfileDetails.storyboard in Resources */ = {isa = PBXBuildFile; fileRef = 6982FF5D2006FB400015D069 /* ProfileDetails.storyboard */; };
		6982FF602006FC120015D069 /* ProfileDetailsViewController.swift in Sources */ = {isa = PBXBuildFile; fileRef = 6982FF5F2006FC120015D069 /* ProfileDetailsViewController.swift */; };
		6982FF62200946430015D069 /* UINavigationController+Shortcuts.swift in Sources */ = {isa = PBXBuildFile; fileRef = 6982FF61200946430015D069 /* UINavigationController+Shortcuts.swift */; };
		6982FF642009773F0015D069 /* Feed.storyboard in Resources */ = {isa = PBXBuildFile; fileRef = 6982FF632009773F0015D069 /* Feed.storyboard */; };
		6982FF7F200986F30015D069 /* DroppFeedSortType.swift in Sources */ = {isa = PBXBuildFile; fileRef = 6982FF7E200986F30015D069 /* DroppFeedSortType.swift */; };
		6982FF82200AB7270015D069 /* CreateAccount.storyboard in Resources */ = {isa = PBXBuildFile; fileRef = 6982FF81200AB7270015D069 /* CreateAccount.storyboard */; };
		6982FF84200AB8EA0015D069 /* CreateAccountViewController.swift in Sources */ = {isa = PBXBuildFile; fileRef = 6982FF83200AB8EA0015D069 /* CreateAccountViewController.swift */; };
		69A43EC91E5BEEA6003E6420 /* AppDelegate.swift in Sources */ = {isa = PBXBuildFile; fileRef = 69A43EC81E5BEEA6003E6420 /* AppDelegate.swift */; };
		69A43ED01E5BEEA6003E6420 /* Assets.xcassets in Resources */ = {isa = PBXBuildFile; fileRef = 69A43ECF1E5BEEA6003E6420 /* Assets.xcassets */; };
		69A43EDE1E5BEEA6003E6420 /* DroppTests.swift in Sources */ = {isa = PBXBuildFile; fileRef = 69A43EDD1E5BEEA6003E6420 /* DroppTests.swift */; };
		69AB37BC2010FB48005B99BD /* StorageManager.swift in Sources */ = {isa = PBXBuildFile; fileRef = 69AB37BB2010FB48005B99BD /* StorageManager.swift */; };
		69AB37BE2011009E005B99BD /* Platform.swift in Sources */ = {isa = PBXBuildFile; fileRef = 69AB37BD2011009E005B99BD /* Platform.swift */; };
		69B2DB3620052BF60065DF02 /* Connections.storyboard in Resources */ = {isa = PBXBuildFile; fileRef = 69B2DB3520052BF60065DF02 /* Connections.storyboard */; };
		69B2DB3820052FA10065DF02 /* ConnectionsViewController.swift in Sources */ = {isa = PBXBuildFile; fileRef = 69B2DB3720052FA10065DF02 /* ConnectionsViewController.swift */; };
		69B2DB3A2005AF960065DF02 /* ConnectionTableViewCell.swift in Sources */ = {isa = PBXBuildFile; fileRef = 69B2DB392005AF960065DF02 /* ConnectionTableViewCell.swift */; };
		69C3BAEE1FE7B8DA00537C99 /* UserService.swift in Sources */ = {isa = PBXBuildFile; fileRef = 69C3BAED1FE7B8DA00537C99 /* UserService.swift */; };
		69C3BAF01FE7B91A00537C99 /* Constants.swift in Sources */ = {isa = PBXBuildFile; fileRef = 69C3BAEF1FE7B91A00537C99 /* Constants.swift */; };
		69C3BAF31FE7BED300537C99 /* LoginViewController.swift in Sources */ = {isa = PBXBuildFile; fileRef = 69C3BAF21FE7BED300537C99 /* LoginViewController.swift */; };
		69C3BAF51FE7BEFA00537C99 /* Login.storyboard in Resources */ = {isa = PBXBuildFile; fileRef = 69C3BAF41FE7BEFA00537C99 /* Login.storyboard */; };
		69C3BAFA1FE7CC6500537C99 /* Utils.swift in Sources */ = {isa = PBXBuildFile; fileRef = 69C3BAF91FE7CC6500537C99 /* Utils.swift */; };
		69C3BAFC1FE7CF4600537C99 /* LoginManager.swift in Sources */ = {isa = PBXBuildFile; fileRef = 69C3BAFB1FE7CF4600537C99 /* LoginManager.swift */; };
		69C3BAFE1FE7E0CF00537C99 /* Placeholder.storyboard in Resources */ = {isa = PBXBuildFile; fileRef = 69C3BAFD1FE7E0CF00537C99 /* Placeholder.storyboard */; };
		69D8E2FD200B909900CCEC6C /* ProfileDetailsUsernameTableViewCell.swift in Sources */ = {isa = PBXBuildFile; fileRef = 69D8E2FC200B909900CCEC6C /* ProfileDetailsUsernameTableViewCell.swift */; };
		69D8E2FF200C830B00CCEC6C /* UILabel+Shortcuts.swift in Sources */ = {isa = PBXBuildFile; fileRef = 69D8E2FE200C830B00CCEC6C /* UILabel+Shortcuts.swift */; };
		69F14DA61FF22EAE00D784EC /* UnicodeScalar+Shortcuts.swift in Sources */ = {isa = PBXBuildFile; fileRef = 69F14DA51FF22EAE00D784EC /* UnicodeScalar+Shortcuts.swift */; };
		69F14DA81FF2440700D784EC /* UIViewController+Shortcuts.swift in Sources */ = {isa = PBXBuildFile; fileRef = 69F14DA71FF2440700D784EC /* UIViewController+Shortcuts.swift */; };
		69FB3ECF1FF9BF760008F355 /* DroppDetailViewController.swift in Sources */ = {isa = PBXBuildFile; fileRef = 69FB3ECE1FF9BF760008F355 /* DroppDetailViewController.swift */; };
		F90F6C907D58F83D394F45C3 /* Pods_Dropp.framework in Frameworks */ = {isa = PBXBuildFile; fileRef = 410E488F5CFBA78B82AAED78 /* Pods_Dropp.framework */; };
/* End PBXBuildFile section */

/* Begin PBXContainerItemProxy section */
		69A43EDA1E5BEEA6003E6420 /* PBXContainerItemProxy */ = {
			isa = PBXContainerItemProxy;
			containerPortal = 69A43EBD1E5BEEA6003E6420 /* Project object */;
			proxyType = 1;
			remoteGlobalIDString = 69A43EC41E5BEEA6003E6420;
			remoteInfo = Dropp;
		};
/* End PBXContainerItemProxy section */

/* Begin PBXFileReference section */
		16AF6C0A1E9B30270022C051 /* Dropp.swift */ = {isa = PBXFileReference; fileEncoding = 4; lastKnownFileType = sourcecode.swift; path = Dropp.swift; sourceTree = "<group>"; };
		16CA209E1EC19E7600EDA7CC /* Dropp-Bridging-Header.h */ = {isa = PBXFileReference; lastKnownFileType = sourcecode.c.h; name = "Dropp-Bridging-Header.h"; path = "Dropp/Dropp-Bridging-Header.h"; sourceTree = SOURCE_ROOT; };
		410E488F5CFBA78B82AAED78 /* Pods_Dropp.framework */ = {isa = PBXFileReference; explicitFileType = wrapper.framework; includeInIndex = 0; path = Pods_Dropp.framework; sourceTree = BUILT_PRODUCTS_DIR; };
		67BE7C9F4619CCF963CC9BF7 /* Pods-Dropp.debug.xcconfig */ = {isa = PBXFileReference; includeInIndex = 1; lastKnownFileType = text.xcconfig; name = "Pods-Dropp.debug.xcconfig"; path = "Pods/Target Support Files/Pods-Dropp/Pods-Dropp.debug.xcconfig"; sourceTree = "<group>"; };
		690D081E200FC79400C687FD /* UICopyableLabel.swift */ = {isa = PBXFileReference; lastKnownFileType = sourcecode.swift; path = UICopyableLabel.swift; sourceTree = "<group>"; };
		6910835D1FE4B8890030C34D /* Main.storyboard */ = {isa = PBXFileReference; lastKnownFileType = file.storyboard; path = Main.storyboard; sourceTree = "<group>"; };
		6910835F1FE4BB500030C34D /* MapKit.framework */ = {isa = PBXFileReference; lastKnownFileType = wrapper.framework; name = MapKit.framework; path = System/Library/Frameworks/MapKit.framework; sourceTree = SDKROOT; };
		691083611FE4BB790030C34D /* Dropp.entitlements */ = {isa = PBXFileReference; lastKnownFileType = text.plist.entitlements; path = Dropp.entitlements; sourceTree = "<group>"; };
		691083661FE4BF3C0030C34D /* MainViewController.swift */ = {isa = PBXFileReference; lastKnownFileType = sourcecode.swift; path = MainViewController.swift; sourceTree = "<group>"; };
		6910836A1FE52C540030C34D /* CreateDroppViewController.swift */ = {isa = PBXFileReference; lastKnownFileType = sourcecode.swift; path = CreateDroppViewController.swift; sourceTree = "<group>"; };
		6910836C1FE59BF00030C34D /* Background-Strip-2000x500.png */ = {isa = PBXFileReference; lastKnownFileType = image.png; path = "Background-Strip-2000x500.png"; sourceTree = "<group>"; };
		6910836F1FE5BF080030C34D /* HttpUtil.swift */ = {isa = PBXFileReference; lastKnownFileType = sourcecode.swift; path = HttpUtil.swift; sourceTree = "<group>"; };
		6918F18D1FE8D9CD00041010 /* CreateDropp.storyboard */ = {isa = PBXFileReference; lastKnownFileType = file.storyboard; path = CreateDropp.storyboard; sourceTree = "<group>"; };
		6918F18F1FE8F4C600041010 /* UIColor+CustomColors.swift */ = {isa = PBXFileReference; lastKnownFileType = sourcecode.swift; path = "UIColor+CustomColors.swift"; sourceTree = "<group>"; };
		6918F1D71FEE4A3600041010 /* UIAlertController+CustomInit.swift */ = {isa = PBXFileReference; lastKnownFileType = sourcecode.swift; path = "UIAlertController+CustomInit.swift"; sourceTree = "<group>"; };
		691B1AB51FEF3C7C0043EBA0 /* FeedViewController.swift */ = {isa = PBXFileReference; lastKnownFileType = sourcecode.swift; path = FeedViewController.swift; sourceTree = "<group>"; };
		691B1AB91FEF3D240043EBA0 /* DroppTableViewCell.swift */ = {isa = PBXFileReference; lastKnownFileType = sourcecode.swift; path = DroppTableViewCell.swift; sourceTree = "<group>"; };
		693483251FE5D92800A0B381 /* SwiftyJSON.framework */ = {isa = PBXFileReference; explicitFileType = wrapper.framework; path = SwiftyJSON.framework; sourceTree = BUILT_PRODUCTS_DIR; };
		6935E6D8200EE32200548066 /* UIButton+Shortcuts.swift */ = {isa = PBXFileReference; lastKnownFileType = sourcecode.swift; path = "UIButton+Shortcuts.swift"; sourceTree = "<group>"; };
		69387B5B2000A6280029147B /* Profile.storyboard */ = {isa = PBXFileReference; lastKnownFileType = file.storyboard; path = Profile.storyboard; sourceTree = "<group>"; };
		69387B5D2000CC1F0029147B /* User.swift */ = {isa = PBXFileReference; lastKnownFileType = sourcecode.swift; path = User.swift; sourceTree = "<group>"; };
		69387B612001375B0029147B /* ProfileViewController.swift */ = {isa = PBXFileReference; lastKnownFileType = sourcecode.swift; path = ProfileViewController.swift; sourceTree = "<group>"; };
		69387B652001526E0029147B /* DroppDetail.storyboard */ = {isa = PBXFileReference; lastKnownFileType = file.storyboard; path = DroppDetail.storyboard; sourceTree = "<group>"; };
		69387B672003CD7E0029147B /* FeedViewControllerDelegate.swift */ = {isa = PBXFileReference; lastKnownFileType = sourcecode.swift; path = FeedViewControllerDelegate.swift; sourceTree = "<group>"; };
		69387B692003D1430029147B /* ProfileHeaderTableViewCell.swift */ = {isa = PBXFileReference; lastKnownFileType = sourcecode.swift; path = ProfileHeaderTableViewCell.swift; sourceTree = "<group>"; };
		693AFB4A1FFF5E8E008901A0 /* Event.swift */ = {isa = PBXFileReference; lastKnownFileType = sourcecode.swift; path = Event.swift; sourceTree = "<group>"; };
		693AFB4D1FFF69E9008901A0 /* NSError+Shortcuts.swift */ = {isa = PBXFileReference; lastKnownFileType = sourcecode.swift; path = "NSError+Shortcuts.swift"; sourceTree = "<group>"; };
		694F2A741FE5DFB900E23D7E /* DroppService.swift */ = {isa = PBXFileReference; lastKnownFileType = sourcecode.swift; path = DroppService.swift; sourceTree = "<group>"; };
		694F2A761FE5E5B700E23D7E /* LocationManager.swift */ = {isa = PBXFileReference; lastKnownFileType = sourcecode.swift; path = LocationManager.swift; sourceTree = "<group>"; };
		695CF3A01EFF2263007D07A7 /* Int+Conversions.swift */ = {isa = PBXFileReference; fileEncoding = 4; lastKnownFileType = sourcecode.swift; path = "Int+Conversions.swift"; sourceTree = "<group>"; };
		695CF3A41EFF22DE007D07A7 /* String+Shortcuts.swift */ = {isa = PBXFileReference; fileEncoding = 4; lastKnownFileType = sourcecode.swift; path = "String+Shortcuts.swift"; sourceTree = "<group>"; };
		695CF3A61EFF230E007D07A7 /* NsMutableData+Shortcuts.swift */ = {isa = PBXFileReference; fileEncoding = 4; lastKnownFileType = sourcecode.swift; path = "NsMutableData+Shortcuts.swift"; sourceTree = "<group>"; };
		695CF3A81EFF234F007D07A7 /* Double+Shortcuts.swift */ = {isa = PBXFileReference; fileEncoding = 4; lastKnownFileType = sourcecode.swift; path = "Double+Shortcuts.swift"; sourceTree = "<group>"; };
		695CF3AB1EFF2438007D07A7 /* Collections+Shortcuts.swift */ = {isa = PBXFileReference; fileEncoding = 4; lastKnownFileType = sourcecode.swift; path = "Collections+Shortcuts.swift"; sourceTree = "<group>"; };
		695CF3AD1EFF298D007D07A7 /* CLLocationCoordinate2D+Conversions.swift */ = {isa = PBXFileReference; fileEncoding = 4; lastKnownFileType = sourcecode.swift; path = "CLLocationCoordinate2D+Conversions.swift"; sourceTree = "<group>"; };
		6982FF5B2006C1090015D069 /* UIView+Shortcuts.swift */ = {isa = PBXFileReference; lastKnownFileType = sourcecode.swift; path = "UIView+Shortcuts.swift"; sourceTree = "<group>"; };
		6982FF5D2006FB400015D069 /* ProfileDetails.storyboard */ = {isa = PBXFileReference; lastKnownFileType = file.storyboard; path = ProfileDetails.storyboard; sourceTree = "<group>"; };
		6982FF5F2006FC120015D069 /* ProfileDetailsViewController.swift */ = {isa = PBXFileReference; lastKnownFileType = sourcecode.swift; path = ProfileDetailsViewController.swift; sourceTree = "<group>"; };
		6982FF61200946430015D069 /* UINavigationController+Shortcuts.swift */ = {isa = PBXFileReference; lastKnownFileType = sourcecode.swift; path = "UINavigationController+Shortcuts.swift"; sourceTree = "<group>"; };
		6982FF632009773F0015D069 /* Feed.storyboard */ = {isa = PBXFileReference; lastKnownFileType = file.storyboard; path = Feed.storyboard; sourceTree = "<group>"; };
		6982FF7E200986F30015D069 /* DroppFeedSortType.swift */ = {isa = PBXFileReference; lastKnownFileType = sourcecode.swift; path = DroppFeedSortType.swift; sourceTree = "<group>"; };
		6982FF81200AB7270015D069 /* CreateAccount.storyboard */ = {isa = PBXFileReference; lastKnownFileType = file.storyboard; path = CreateAccount.storyboard; sourceTree = "<group>"; };
		6982FF83200AB8EA0015D069 /* CreateAccountViewController.swift */ = {isa = PBXFileReference; lastKnownFileType = sourcecode.swift; path = CreateAccountViewController.swift; sourceTree = "<group>"; };
		69A43EC51E5BEEA6003E6420 /* Dropp.app */ = {isa = PBXFileReference; explicitFileType = wrapper.application; includeInIndex = 0; path = Dropp.app; sourceTree = BUILT_PRODUCTS_DIR; };
		69A43EC81E5BEEA6003E6420 /* AppDelegate.swift */ = {isa = PBXFileReference; lastKnownFileType = sourcecode.swift; path = AppDelegate.swift; sourceTree = "<group>"; };
		69A43ECF1E5BEEA6003E6420 /* Assets.xcassets */ = {isa = PBXFileReference; lastKnownFileType = folder.assetcatalog; path = Assets.xcassets; sourceTree = "<group>"; };
		69A43ED41E5BEEA6003E6420 /* Info.plist */ = {isa = PBXFileReference; lastKnownFileType = text.plist.xml; path = Info.plist; sourceTree = "<group>"; };
		69A43ED91E5BEEA6003E6420 /* DroppTests.xctest */ = {isa = PBXFileReference; explicitFileType = wrapper.cfbundle; includeInIndex = 0; path = DroppTests.xctest; sourceTree = BUILT_PRODUCTS_DIR; };
		69A43EDD1E5BEEA6003E6420 /* DroppTests.swift */ = {isa = PBXFileReference; lastKnownFileType = sourcecode.swift; path = DroppTests.swift; sourceTree = "<group>"; };
		69A43EDF1E5BEEA6003E6420 /* Info.plist */ = {isa = PBXFileReference; lastKnownFileType = text.plist.xml; path = Info.plist; sourceTree = "<group>"; };
		69AB37BB2010FB48005B99BD /* StorageManager.swift */ = {isa = PBXFileReference; lastKnownFileType = sourcecode.swift; path = StorageManager.swift; sourceTree = "<group>"; };
		69AB37BD2011009E005B99BD /* Platform.swift */ = {isa = PBXFileReference; lastKnownFileType = sourcecode.swift; path = Platform.swift; sourceTree = "<group>"; };
		69B2DB3520052BF60065DF02 /* Connections.storyboard */ = {isa = PBXFileReference; lastKnownFileType = file.storyboard; path = Connections.storyboard; sourceTree = "<group>"; };
		69B2DB3720052FA10065DF02 /* ConnectionsViewController.swift */ = {isa = PBXFileReference; lastKnownFileType = sourcecode.swift; path = ConnectionsViewController.swift; sourceTree = "<group>"; };
		69B2DB392005AF960065DF02 /* ConnectionTableViewCell.swift */ = {isa = PBXFileReference; lastKnownFileType = sourcecode.swift; path = ConnectionTableViewCell.swift; sourceTree = "<group>"; };
		69C3BAED1FE7B8DA00537C99 /* UserService.swift */ = {isa = PBXFileReference; lastKnownFileType = sourcecode.swift; path = UserService.swift; sourceTree = "<group>"; };
		69C3BAEF1FE7B91A00537C99 /* Constants.swift */ = {isa = PBXFileReference; lastKnownFileType = sourcecode.swift; path = Constants.swift; sourceTree = "<group>"; };
		69C3BAF21FE7BED300537C99 /* LoginViewController.swift */ = {isa = PBXFileReference; lastKnownFileType = sourcecode.swift; path = LoginViewController.swift; sourceTree = "<group>"; };
		69C3BAF41FE7BEFA00537C99 /* Login.storyboard */ = {isa = PBXFileReference; lastKnownFileType = file.storyboard; path = Login.storyboard; sourceTree = "<group>"; };
		69C3BAF91FE7CC6500537C99 /* Utils.swift */ = {isa = PBXFileReference; lastKnownFileType = sourcecode.swift; path = Utils.swift; sourceTree = "<group>"; };
		69C3BAFB1FE7CF4600537C99 /* LoginManager.swift */ = {isa = PBXFileReference; lastKnownFileType = sourcecode.swift; path = LoginManager.swift; sourceTree = "<group>"; };
		69C3BAFD1FE7E0CF00537C99 /* Placeholder.storyboard */ = {isa = PBXFileReference; lastKnownFileType = file.storyboard; path = Placeholder.storyboard; sourceTree = "<group>"; };
		69D8E2FC200B909900CCEC6C /* ProfileDetailsUsernameTableViewCell.swift */ = {isa = PBXFileReference; lastKnownFileType = sourcecode.swift; path = ProfileDetailsUsernameTableViewCell.swift; sourceTree = "<group>"; };
		69D8E2FE200C830B00CCEC6C /* UILabel+Shortcuts.swift */ = {isa = PBXFileReference; lastKnownFileType = sourcecode.swift; path = "UILabel+Shortcuts.swift"; sourceTree = "<group>"; };
		69F14DA51FF22EAE00D784EC /* UnicodeScalar+Shortcuts.swift */ = {isa = PBXFileReference; lastKnownFileType = sourcecode.swift; path = "UnicodeScalar+Shortcuts.swift"; sourceTree = "<group>"; };
		69F14DA71FF2440700D784EC /* UIViewController+Shortcuts.swift */ = {isa = PBXFileReference; lastKnownFileType = sourcecode.swift; path = "UIViewController+Shortcuts.swift"; sourceTree = "<group>"; };
		69FB3ECE1FF9BF760008F355 /* DroppDetailViewController.swift */ = {isa = PBXFileReference; lastKnownFileType = sourcecode.swift; path = DroppDetailViewController.swift; sourceTree = "<group>"; };
		82C32FA3983AA44EA1F10D1D /* Pods-DroppTests.release.xcconfig */ = {isa = PBXFileReference; includeInIndex = 1; lastKnownFileType = text.xcconfig; name = "Pods-DroppTests.release.xcconfig"; path = "Pods/Target Support Files/Pods-DroppTests/Pods-DroppTests.release.xcconfig"; sourceTree = "<group>"; };
		A89741AD814E44A9F9D24FC3 /* Pods_DroppTests.framework */ = {isa = PBXFileReference; explicitFileType = wrapper.framework; includeInIndex = 0; path = Pods_DroppTests.framework; sourceTree = BUILT_PRODUCTS_DIR; };
		C8C79D64338806A8EA2434B8 /* Pods-DroppTests.debug.xcconfig */ = {isa = PBXFileReference; includeInIndex = 1; lastKnownFileType = text.xcconfig; name = "Pods-DroppTests.debug.xcconfig"; path = "Pods/Target Support Files/Pods-DroppTests/Pods-DroppTests.debug.xcconfig"; sourceTree = "<group>"; };
		EB40742B27E499A97CFB332D /* Pods-Dropp.release.xcconfig */ = {isa = PBXFileReference; includeInIndex = 1; lastKnownFileType = text.xcconfig; name = "Pods-Dropp.release.xcconfig"; path = "Pods/Target Support Files/Pods-Dropp/Pods-Dropp.release.xcconfig"; sourceTree = "<group>"; };
/* End PBXFileReference section */

/* Begin PBXFrameworksBuildPhase section */
		69A43EC21E5BEEA6003E6420 /* Frameworks */ = {
			isa = PBXFrameworksBuildPhase;
			buildActionMask = 2147483647;
			files = (
				693483231FE5D92800A0B381 /* SwiftyJSON.framework in Frameworks */,
				691083601FE4BB500030C34D /* MapKit.framework in Frameworks */,
				F90F6C907D58F83D394F45C3 /* Pods_Dropp.framework in Frameworks */,
			);
			runOnlyForDeploymentPostprocessing = 0;
		};
		69A43ED61E5BEEA6003E6420 /* Frameworks */ = {
			isa = PBXFrameworksBuildPhase;
			buildActionMask = 2147483647;
			files = (
				2986B0CE30CF1A30A6B10072 /* Pods_DroppTests.framework in Frameworks */,
			);
			runOnlyForDeploymentPostprocessing = 0;
		};
/* End PBXFrameworksBuildPhase section */

/* Begin PBXGroup section */
		525445E01D507BEB3EF50920 /* Frameworks */ = {
			isa = PBXGroup;
			children = (
				693483251FE5D92800A0B381 /* SwiftyJSON.framework */,
				6910835F1FE4BB500030C34D /* MapKit.framework */,
				410E488F5CFBA78B82AAED78 /* Pods_Dropp.framework */,
				A89741AD814E44A9F9D24FC3 /* Pods_DroppTests.framework */,
			);
			name = Frameworks;
			sourceTree = "<group>";
		};
		6910836E1FE5BE920030C34D /* Networking */ = {
			isa = PBXGroup;
			children = (
				6910836F1FE5BF080030C34D /* HttpUtil.swift */,
				69C3BAED1FE7B8DA00537C99 /* UserService.swift */,
				694F2A741FE5DFB900E23D7E /* DroppService.swift */,
			);
			path = Networking;
			sourceTree = "<group>";
		};
		693ABEDE1FE70515002FE96D /* Models */ = {
			isa = PBXGroup;
			children = (
				69387B5D2000CC1F0029147B /* User.swift */,
				16AF6C0A1E9B30270022C051 /* Dropp.swift */,
			);
			path = Models;
			sourceTree = "<group>";
		};
		695CF39F1EFF2241007D07A7 /* Extensions */ = {
			isa = PBXGroup;
			children = (
				6982FF7020097A1C0015D069 /* Data type Extensions */,
				6982FF6F20097A090015D069 /* UI Extensions */,
			);
			name = Extensions;
			sourceTree = "<group>";
		};
		6982FF652009780B0015D069 /* UI */ = {
			isa = PBXGroup;
			children = (
				6982FF7120097A460015D069 /* Custom UI */,
				6982FF80200AB6A90015D069 /* Account Creation */,
				69C3BAF11FE7BE9C00537C99 /* Login */,
				6982FF66200978200015D069 /* Main */,
				6982FF672009783B0015D069 /* Feed */,
				6982FF6A200978C10015D069 /* Dropp */,
				6982FF6B200978D50015D069 /* Profile */,
				6982FF6C200979470015D069 /* Connections */,
			);
			path = UI;
			sourceTree = "<group>";
		};
		6982FF66200978200015D069 /* Main */ = {
			isa = PBXGroup;
			children = (
				6910835D1FE4B8890030C34D /* Main.storyboard */,
				69C3BAFD1FE7E0CF00537C99 /* Placeholder.storyboard */,
				691083661FE4BF3C0030C34D /* MainViewController.swift */,
			);
			path = Main;
			sourceTree = "<group>";
		};
		6982FF672009783B0015D069 /* Feed */ = {
			isa = PBXGroup;
			children = (
				6982FF632009773F0015D069 /* Feed.storyboard */,
				691B1AB51FEF3C7C0043EBA0 /* FeedViewController.swift */,
				69387B672003CD7E0029147B /* FeedViewControllerDelegate.swift */,
			);
			path = Feed;
			sourceTree = "<group>";
		};
		6982FF682009786F0015D069 /* Create Dropp */ = {
			isa = PBXGroup;
			children = (
				6918F18D1FE8D9CD00041010 /* CreateDropp.storyboard */,
				6910836A1FE52C540030C34D /* CreateDroppViewController.swift */,
			);
			path = "Create Dropp";
			sourceTree = "<group>";
		};
		6982FF692009788E0015D069 /* Dropp Detail */ = {
			isa = PBXGroup;
			children = (
				69387B652001526E0029147B /* DroppDetail.storyboard */,
				691B1AB91FEF3D240043EBA0 /* DroppTableViewCell.swift */,
				69FB3ECE1FF9BF760008F355 /* DroppDetailViewController.swift */,
			);
			path = "Dropp Detail";
			sourceTree = "<group>";
		};
		6982FF6A200978C10015D069 /* Dropp */ = {
			isa = PBXGroup;
			children = (
				6982FF682009786F0015D069 /* Create Dropp */,
				6982FF692009788E0015D069 /* Dropp Detail */,
			);
			path = Dropp;
			sourceTree = "<group>";
		};
		6982FF6B200978D50015D069 /* Profile */ = {
			isa = PBXGroup;
			children = (
				6982FF6D200979A70015D069 /* Profile Details */,
				69387B5B2000A6280029147B /* Profile.storyboard */,
				69387B692003D1430029147B /* ProfileHeaderTableViewCell.swift */,
				69387B612001375B0029147B /* ProfileViewController.swift */,
			);
			path = Profile;
			sourceTree = "<group>";
		};
		6982FF6C200979470015D069 /* Connections */ = {
			isa = PBXGroup;
			children = (
				69B2DB3520052BF60065DF02 /* Connections.storyboard */,
				69B2DB392005AF960065DF02 /* ConnectionTableViewCell.swift */,
				69B2DB3720052FA10065DF02 /* ConnectionsViewController.swift */,
			);
			path = Connections;
			sourceTree = "<group>";
		};
		6982FF6D200979A70015D069 /* Profile Details */ = {
			isa = PBXGroup;
			children = (
				6982FF5D2006FB400015D069 /* ProfileDetails.storyboard */,
				6982FF5F2006FC120015D069 /* ProfileDetailsViewController.swift */,
				69D8E2FC200B909900CCEC6C /* ProfileDetailsUsernameTableViewCell.swift */,
			);
			path = "Profile Details";
			sourceTree = "<group>";
		};
		6982FF6E200979EF0015D069 /* Managers */ = {
			isa = PBXGroup;
			children = (
				69A43EC81E5BEEA6003E6420 /* AppDelegate.swift */,
				69C3BAFB1FE7CF4600537C99 /* LoginManager.swift */,
				694F2A761FE5E5B700E23D7E /* LocationManager.swift */,
				69AB37BB2010FB48005B99BD /* StorageManager.swift */,
			);
			path = Managers;
			sourceTree = "<group>";
		};
		6982FF6F20097A090015D069 /* UI Extensions */ = {
			isa = PBXGroup;
			children = (
				6982FF5B2006C1090015D069 /* UIView+Shortcuts.swift */,
				6918F18F1FE8F4C600041010 /* UIColor+CustomColors.swift */,
				69F14DA71FF2440700D784EC /* UIViewController+Shortcuts.swift */,
				6918F1D71FEE4A3600041010 /* UIAlertController+CustomInit.swift */,
				6982FF61200946430015D069 /* UINavigationController+Shortcuts.swift */,
				69D8E2FE200C830B00CCEC6C /* UILabel+Shortcuts.swift */,
				6935E6D8200EE32200548066 /* UIButton+Shortcuts.swift */,
			);
			name = "UI Extensions";
			sourceTree = "<group>";
		};
		6982FF7020097A1C0015D069 /* Data type Extensions */ = {
			isa = PBXGroup;
			children = (
				695CF3A01EFF2263007D07A7 /* Int+Conversions.swift */,
				695CF3A41EFF22DE007D07A7 /* String+Shortcuts.swift */,
				695CF3A81EFF234F007D07A7 /* Double+Shortcuts.swift */,
				693AFB4D1FFF69E9008901A0 /* NSError+Shortcuts.swift */,
				695CF3AB1EFF2438007D07A7 /* Collections+Shortcuts.swift */,
				69F14DA51FF22EAE00D784EC /* UnicodeScalar+Shortcuts.swift */,
				695CF3A61EFF230E007D07A7 /* NsMutableData+Shortcuts.swift */,
				695CF3AD1EFF298D007D07A7 /* CLLocationCoordinate2D+Conversions.swift */,
			);
			name = "Data type Extensions";
			sourceTree = "<group>";
		};
		6982FF7120097A460015D069 /* Custom UI */ = {
			isa = PBXGroup;
			children = (
				6982FF7220097A600015D069 /* Custom Images */,
				690D081E200FC79400C687FD /* UICopyableLabel.swift */,
			);
			path = "Custom UI";
			sourceTree = "<group>";
		};
		6982FF7220097A600015D069 /* Custom Images */ = {
			isa = PBXGroup;
			children = (
				6910836C1FE59BF00030C34D /* Background-Strip-2000x500.png */,
			);
			path = "Custom Images";
			sourceTree = "<group>";
		};
		6982FF7D200986E10015D069 /* Enumerations */ = {
			isa = PBXGroup;
			children = (
				6982FF7E200986F30015D069 /* DroppFeedSortType.swift */,
			);
			path = Enumerations;
			sourceTree = "<group>";
		};
		6982FF80200AB6A90015D069 /* Account Creation */ = {
			isa = PBXGroup;
			children = (
				6982FF81200AB7270015D069 /* CreateAccount.storyboard */,
				6982FF83200AB8EA0015D069 /* CreateAccountViewController.swift */,
			);
			path = "Account Creation";
			sourceTree = "<group>";
		};
		69A43EBC1E5BEEA6003E6420 = {
			isa = PBXGroup;
			children = (
				69A43EC71E5BEEA6003E6420 /* Dropp */,
				69A43EDC1E5BEEA6003E6420 /* DroppTests */,
				69A43EC61E5BEEA6003E6420 /* Products */,
				D86ABCEF644BD2F5A6F4AA4A /* Pods */,
				525445E01D507BEB3EF50920 /* Frameworks */,
			);
			sourceTree = "<group>";
		};
		69A43EC61E5BEEA6003E6420 /* Products */ = {
			isa = PBXGroup;
			children = (
				69A43EC51E5BEEA6003E6420 /* Dropp.app */,
				69A43ED91E5BEEA6003E6420 /* DroppTests.xctest */,
			);
			name = Products;
			sourceTree = "<group>";
		};
		69A43EC71E5BEEA6003E6420 /* Dropp */ = {
			isa = PBXGroup;
			children = (
				69A43ED41E5BEEA6003E6420 /* Info.plist */,
				691083611FE4BB790030C34D /* Dropp.entitlements */,
				69A43ECF1E5BEEA6003E6420 /* Assets.xcassets */,
				16CA209E1EC19E7600EDA7CC /* Dropp-Bridging-Header.h */,
				6982FF7D200986E10015D069 /* Enumerations */,
				69C3BAF61FE7CB9100537C99 /* Utility */,
				693ABEDE1FE70515002FE96D /* Models */,
				6910836E1FE5BE920030C34D /* Networking */,
				6982FF6E200979EF0015D069 /* Managers */,
				6982FF652009780B0015D069 /* UI */,
				695CF39F1EFF2241007D07A7 /* Extensions */,
			);
			path = Dropp;
			sourceTree = "<group>";
		};
		69A43EDC1E5BEEA6003E6420 /* DroppTests */ = {
			isa = PBXGroup;
			children = (
				69A43EDD1E5BEEA6003E6420 /* DroppTests.swift */,
				69A43EDF1E5BEEA6003E6420 /* Info.plist */,
			);
			path = DroppTests;
			sourceTree = "<group>";
		};
		69C3BAF11FE7BE9C00537C99 /* Login */ = {
			isa = PBXGroup;
			children = (
				69C3BAF41FE7BEFA00537C99 /* Login.storyboard */,
				69C3BAF21FE7BED300537C99 /* LoginViewController.swift */,
			);
			path = Login;
			sourceTree = "<group>";
		};
		69C3BAF61FE7CB9100537C99 /* Utility */ = {
			isa = PBXGroup;
			children = (
				69C3BAEF1FE7B91A00537C99 /* Constants.swift */,
				69C3BAF91FE7CC6500537C99 /* Utils.swift */,
				693AFB4A1FFF5E8E008901A0 /* Event.swift */,
				69AB37BD2011009E005B99BD /* Platform.swift */,
			);
			path = Utility;
			sourceTree = "<group>";
		};
		D86ABCEF644BD2F5A6F4AA4A /* Pods */ = {
			isa = PBXGroup;
			children = (
				67BE7C9F4619CCF963CC9BF7 /* Pods-Dropp.debug.xcconfig */,
				EB40742B27E499A97CFB332D /* Pods-Dropp.release.xcconfig */,
				C8C79D64338806A8EA2434B8 /* Pods-DroppTests.debug.xcconfig */,
				82C32FA3983AA44EA1F10D1D /* Pods-DroppTests.release.xcconfig */,
			);
			name = Pods;
			sourceTree = "<group>";
		};
/* End PBXGroup section */

/* Begin PBXNativeTarget section */
		69A43EC41E5BEEA6003E6420 /* Dropp */ = {
			isa = PBXNativeTarget;
			buildConfigurationList = 69A43EE21E5BEEA6003E6420 /* Build configuration list for PBXNativeTarget "Dropp" */;
			buildPhases = (
				760C871CAC0FADDCAFB3CD32 /* [CP] Check Pods Manifest.lock */,
				69A43EC11E5BEEA6003E6420 /* Sources */,
				69A43EC21E5BEEA6003E6420 /* Frameworks */,
				69A43EC31E5BEEA6003E6420 /* Resources */,
				5CD574D4E16964A4659C2868 /* [CP] Embed Pods Frameworks */,
				8647BA9B0B9882B49C048765 /* [CP] Copy Pods Resources */,
			);
			buildRules = (
			);
			dependencies = (
			);
			name = Dropp;
			productName = Dropp;
			productReference = 69A43EC51E5BEEA6003E6420 /* Dropp.app */;
			productType = "com.apple.product-type.application";
		};
		69A43ED81E5BEEA6003E6420 /* DroppTests */ = {
			isa = PBXNativeTarget;
			buildConfigurationList = 69A43EE51E5BEEA6003E6420 /* Build configuration list for PBXNativeTarget "DroppTests" */;
			buildPhases = (
				02F0D1FC31D439551786F44D /* [CP] Check Pods Manifest.lock */,
				69A43ED51E5BEEA6003E6420 /* Sources */,
				69A43ED61E5BEEA6003E6420 /* Frameworks */,
				69A43ED71E5BEEA6003E6420 /* Resources */,
				86B1B40DE2E1E04737F074CC /* [CP] Embed Pods Frameworks */,
				84FF2534626217C82F73186D /* [CP] Copy Pods Resources */,
			);
			buildRules = (
			);
			dependencies = (
				69A43EDB1E5BEEA6003E6420 /* PBXTargetDependency */,
			);
			name = DroppTests;
			productName = DroppTests;
			productReference = 69A43ED91E5BEEA6003E6420 /* DroppTests.xctest */;
			productType = "com.apple.product-type.bundle.unit-test";
		};
/* End PBXNativeTarget section */

/* Begin PBXProject section */
		69A43EBD1E5BEEA6003E6420 /* Project object */ = {
			isa = PBXProject;
			attributes = {
				LastSwiftUpdateCheck = 0820;
				LastUpgradeCheck = 0910;
				ORGANIZATIONNAME = "Group B";
				TargetAttributes = {
					69A43EC41E5BEEA6003E6420 = {
						CreatedOnToolsVersion = 8.2.1;
						DevelopmentTeam = VW2FMQUB95;
						LastSwiftMigration = 0830;
						ProvisioningStyle = Automatic;
						SystemCapabilities = {
							com.apple.BackgroundModes = {
								enabled = 1;
							};
							com.apple.Keychain = {
								enabled = 1;
							};
							com.apple.Maps.iOS = {
								enabled = 1;
							};
						};
					};
					69A43ED81E5BEEA6003E6420 = {
						CreatedOnToolsVersion = 8.2.1;
						LastSwiftMigration = 0910;
						ProvisioningStyle = Automatic;
						TestTargetID = 69A43EC41E5BEEA6003E6420;
					};
				};
			};
			buildConfigurationList = 69A43EC01E5BEEA6003E6420 /* Build configuration list for PBXProject "Dropp" */;
			compatibilityVersion = "Xcode 3.2";
			developmentRegion = English;
			hasScannedForEncodings = 0;
			knownRegions = (
				en,
				Base,
			);
			mainGroup = 69A43EBC1E5BEEA6003E6420;
			productRefGroup = 69A43EC61E5BEEA6003E6420 /* Products */;
			projectDirPath = "";
			projectRoot = "";
			targets = (
				69A43EC41E5BEEA6003E6420 /* Dropp */,
				69A43ED81E5BEEA6003E6420 /* DroppTests */,
			);
		};
/* End PBXProject section */

/* Begin PBXResourcesBuildPhase section */
		69A43EC31E5BEEA6003E6420 /* Resources */ = {
			isa = PBXResourcesBuildPhase;
			buildActionMask = 2147483647;
			files = (
				69A43ED01E5BEEA6003E6420 /* Assets.xcassets in Resources */,
				6982FF642009773F0015D069 /* Feed.storyboard in Resources */,
				69B2DB3620052BF60065DF02 /* Connections.storyboard in Resources */,
				69387B5C2000A6280029147B /* Profile.storyboard in Resources */,
				6918F18E1FE8D9CD00041010 /* CreateDropp.storyboard in Resources */,
				69C3BAFE1FE7E0CF00537C99 /* Placeholder.storyboard in Resources */,
				6982FF5E2006FB400015D069 /* ProfileDetails.storyboard in Resources */,
				6982FF82200AB7270015D069 /* CreateAccount.storyboard in Resources */,
				69C3BAF51FE7BEFA00537C99 /* Login.storyboard in Resources */,
				6910836D1FE59BF10030C34D /* Background-Strip-2000x500.png in Resources */,
				6910835E1FE4B8890030C34D /* Main.storyboard in Resources */,
				69387B662001526E0029147B /* DroppDetail.storyboard in Resources */,
			);
			runOnlyForDeploymentPostprocessing = 0;
		};
		69A43ED71E5BEEA6003E6420 /* Resources */ = {
			isa = PBXResourcesBuildPhase;
			buildActionMask = 2147483647;
			files = (
			);
			runOnlyForDeploymentPostprocessing = 0;
		};
/* End PBXResourcesBuildPhase section */

/* Begin PBXShellScriptBuildPhase section */
		02F0D1FC31D439551786F44D /* [CP] Check Pods Manifest.lock */ = {
			isa = PBXShellScriptBuildPhase;
			buildActionMask = 2147483647;
			files = (
			);
			inputPaths = (
				"${PODS_PODFILE_DIR_PATH}/Podfile.lock",
				"${PODS_ROOT}/Manifest.lock",
			);
			name = "[CP] Check Pods Manifest.lock";
			outputPaths = (
				"$(DERIVED_FILE_DIR)/Pods-DroppTests-checkManifestLockResult.txt",
			);
			runOnlyForDeploymentPostprocessing = 0;
			shellPath = /bin/sh;
			shellScript = "diff \"${PODS_PODFILE_DIR_PATH}/Podfile.lock\" \"${PODS_ROOT}/Manifest.lock\" > /dev/null\nif [ $? != 0 ] ; then\n    # print error to STDERR\n    echo \"error: The sandbox is not in sync with the Podfile.lock. Run 'pod install' or update your CocoaPods installation.\" >&2\n    exit 1\nfi\n# This output is used by Xcode 'outputs' to avoid re-running this script phase.\necho \"SUCCESS\" > \"${SCRIPT_OUTPUT_FILE_0}\"\n";
			showEnvVarsInLog = 0;
		};
		5CD574D4E16964A4659C2868 /* [CP] Embed Pods Frameworks */ = {
			isa = PBXShellScriptBuildPhase;
			buildActionMask = 2147483647;
			files = (
			);
			inputPaths = (
				"${SRCROOT}/Pods/Target Support Files/Pods-Dropp/Pods-Dropp-frameworks.sh",
				"${BUILT_PRODUCTS_DIR}/SwiftyJSON/SwiftyJSON.framework",
			);
			name = "[CP] Embed Pods Frameworks";
			outputPaths = (
				"${TARGET_BUILD_DIR}/${FRAMEWORKS_FOLDER_PATH}/SwiftyJSON.framework",
			);
			runOnlyForDeploymentPostprocessing = 0;
			shellPath = /bin/sh;
			shellScript = "\"${SRCROOT}/Pods/Target Support Files/Pods-Dropp/Pods-Dropp-frameworks.sh\"\n";
			showEnvVarsInLog = 0;
		};
		760C871CAC0FADDCAFB3CD32 /* [CP] Check Pods Manifest.lock */ = {
			isa = PBXShellScriptBuildPhase;
			buildActionMask = 2147483647;
			files = (
			);
			inputPaths = (
				"${PODS_PODFILE_DIR_PATH}/Podfile.lock",
				"${PODS_ROOT}/Manifest.lock",
			);
			name = "[CP] Check Pods Manifest.lock";
			outputPaths = (
				"$(DERIVED_FILE_DIR)/Pods-Dropp-checkManifestLockResult.txt",
			);
			runOnlyForDeploymentPostprocessing = 0;
			shellPath = /bin/sh;
			shellScript = "diff \"${PODS_PODFILE_DIR_PATH}/Podfile.lock\" \"${PODS_ROOT}/Manifest.lock\" > /dev/null\nif [ $? != 0 ] ; then\n    # print error to STDERR\n    echo \"error: The sandbox is not in sync with the Podfile.lock. Run 'pod install' or update your CocoaPods installation.\" >&2\n    exit 1\nfi\n# This output is used by Xcode 'outputs' to avoid re-running this script phase.\necho \"SUCCESS\" > \"${SCRIPT_OUTPUT_FILE_0}\"\n";
			showEnvVarsInLog = 0;
		};
		84FF2534626217C82F73186D /* [CP] Copy Pods Resources */ = {
			isa = PBXShellScriptBuildPhase;
			buildActionMask = 2147483647;
			files = (
			);
			inputPaths = (
			);
			name = "[CP] Copy Pods Resources";
			outputPaths = (
			);
			runOnlyForDeploymentPostprocessing = 0;
			shellPath = /bin/sh;
			shellScript = "\"${SRCROOT}/Pods/Target Support Files/Pods-DroppTests/Pods-DroppTests-resources.sh\"\n";
			showEnvVarsInLog = 0;
		};
		8647BA9B0B9882B49C048765 /* [CP] Copy Pods Resources */ = {
			isa = PBXShellScriptBuildPhase;
			buildActionMask = 2147483647;
			files = (
			);
			inputPaths = (
			);
			name = "[CP] Copy Pods Resources";
			outputPaths = (
			);
			runOnlyForDeploymentPostprocessing = 0;
			shellPath = /bin/sh;
			shellScript = "\"${SRCROOT}/Pods/Target Support Files/Pods-Dropp/Pods-Dropp-resources.sh\"\n";
			showEnvVarsInLog = 0;
		};
		86B1B40DE2E1E04737F074CC /* [CP] Embed Pods Frameworks */ = {
			isa = PBXShellScriptBuildPhase;
			buildActionMask = 2147483647;
			files = (
			);
			inputPaths = (
			);
			name = "[CP] Embed Pods Frameworks";
			outputPaths = (
			);
			runOnlyForDeploymentPostprocessing = 0;
			shellPath = /bin/sh;
			shellScript = "\"${SRCROOT}/Pods/Target Support Files/Pods-DroppTests/Pods-DroppTests-frameworks.sh\"\n";
			showEnvVarsInLog = 0;
		};
/* End PBXShellScriptBuildPhase section */

/* Begin PBXSourcesBuildPhase section */
		69A43EC11E5BEEA6003E6420 /* Sources */ = {
			isa = PBXSourcesBuildPhase;
			buildActionMask = 2147483647;
			files = (
				69C3BAEE1FE7B8DA00537C99 /* UserService.swift in Sources */,
				695CF3A51EFF22DE007D07A7 /* String+Shortcuts.swift in Sources */,
				69C3BAFA1FE7CC6500537C99 /* Utils.swift in Sources */,
				69387B5E2000CC1F0029147B /* User.swift in Sources */,
				6918F1901FE8F4C600041010 /* UIColor+CustomColors.swift in Sources */,
				69387B622001375B0029147B /* ProfileViewController.swift in Sources */,
				69AB37BE2011009E005B99BD /* Platform.swift in Sources */,
				695CF3AC1EFF2438007D07A7 /* Collections+Shortcuts.swift in Sources */,
				6935E6D9200EE32200548066 /* UIButton+Shortcuts.swift in Sources */,
				6982FF5C2006C1090015D069 /* UIView+Shortcuts.swift in Sources */,
				69C3BAF01FE7B91A00537C99 /* Constants.swift in Sources */,
				69A43EC91E5BEEA6003E6420 /* AppDelegate.swift in Sources */,
				695CF3A91EFF234F007D07A7 /* Double+Shortcuts.swift in Sources */,
				69387B682003CD7E0029147B /* FeedViewControllerDelegate.swift in Sources */,
				695CF3AE1EFF298D007D07A7 /* CLLocationCoordinate2D+Conversions.swift in Sources */,
				6982FF7F200986F30015D069 /* DroppFeedSortType.swift in Sources */,
				69F14DA81FF2440700D784EC /* UIViewController+Shortcuts.swift in Sources */,
				6910836B1FE52C540030C34D /* CreateDroppViewController.swift in Sources */,
				693AFB4B1FFF5E8E008901A0 /* Event.swift in Sources */,
				691083671FE4BF3C0030C34D /* MainViewController.swift in Sources */,
				6982FF84200AB8EA0015D069 /* CreateAccountViewController.swift in Sources */,
				69B2DB3820052FA10065DF02 /* ConnectionsViewController.swift in Sources */,
				694F2A751FE5DFB900E23D7E /* DroppService.swift in Sources */,
				16AF6C0B1E9B30270022C051 /* Dropp.swift in Sources */,
				69F14DA61FF22EAE00D784EC /* UnicodeScalar+Shortcuts.swift in Sources */,
				69387B6A2003D1430029147B /* ProfileHeaderTableViewCell.swift in Sources */,
				6918F1D81FEE4A3600041010 /* UIAlertController+CustomInit.swift in Sources */,
				69C3BAF31FE7BED300537C99 /* LoginViewController.swift in Sources */,
				693AFB4E1FFF69E9008901A0 /* NSError+Shortcuts.swift in Sources */,
				691B1ABB1FEF3D240043EBA0 /* DroppTableViewCell.swift in Sources */,
				69D8E2FF200C830B00CCEC6C /* UILabel+Shortcuts.swift in Sources */,
				691B1AB61FEF3C7C0043EBA0 /* FeedViewController.swift in Sources */,
				69D8E2FD200B909900CCEC6C /* ProfileDetailsUsernameTableViewCell.swift in Sources */,
				69AB37BC2010FB48005B99BD /* StorageManager.swift in Sources */,
				6982FF62200946430015D069 /* UINavigationController+Shortcuts.swift in Sources */,
				694F2A771FE5E5B700E23D7E /* LocationManager.swift in Sources */,
				690D081F200FC79400C687FD /* UICopyableLabel.swift in Sources */,
				695CF3A71EFF230E007D07A7 /* NsMutableData+Shortcuts.swift in Sources */,
				695CF3A11EFF2263007D07A7 /* Int+Conversions.swift in Sources */,
				69FB3ECF1FF9BF760008F355 /* DroppDetailViewController.swift in Sources */,
				691083701FE5BF080030C34D /* HttpUtil.swift in Sources */,
				69C3BAFC1FE7CF4600537C99 /* LoginManager.swift in Sources */,
				69B2DB3A2005AF960065DF02 /* ConnectionTableViewCell.swift in Sources */,
				6982FF602006FC120015D069 /* ProfileDetailsViewController.swift in Sources */,
			);
			runOnlyForDeploymentPostprocessing = 0;
		};
		69A43ED51E5BEEA6003E6420 /* Sources */ = {
			isa = PBXSourcesBuildPhase;
			buildActionMask = 2147483647;
			files = (
				693AFB4F1FFF69E9008901A0 /* NSError+Shortcuts.swift in Sources */,
				693AFB4C1FFF5E8E008901A0 /* Event.swift in Sources */,
				69A43EDE1E5BEEA6003E6420 /* DroppTests.swift in Sources */,
			);
			runOnlyForDeploymentPostprocessing = 0;
		};
/* End PBXSourcesBuildPhase section */

/* Begin PBXTargetDependency section */
		69A43EDB1E5BEEA6003E6420 /* PBXTargetDependency */ = {
			isa = PBXTargetDependency;
			target = 69A43EC41E5BEEA6003E6420 /* Dropp */;
			targetProxy = 69A43EDA1E5BEEA6003E6420 /* PBXContainerItemProxy */;
		};
/* End PBXTargetDependency section */

/* Begin XCBuildConfiguration section */
		69A43EE01E5BEEA6003E6420 /* Debug */ = {
			isa = XCBuildConfiguration;
			buildSettings = {
				ALWAYS_SEARCH_USER_PATHS = NO;
				CLANG_ANALYZER_NONNULL = YES;
				CLANG_CXX_LANGUAGE_STANDARD = "gnu++0x";
				CLANG_CXX_LIBRARY = "libc++";
				CLANG_ENABLE_MODULES = YES;
				CLANG_ENABLE_OBJC_ARC = YES;
				CLANG_WARN_BLOCK_CAPTURE_AUTORELEASING = YES;
				CLANG_WARN_BOOL_CONVERSION = YES;
				CLANG_WARN_COMMA = YES;
				CLANG_WARN_CONSTANT_CONVERSION = YES;
				CLANG_WARN_DIRECT_OBJC_ISA_USAGE = YES_ERROR;
				CLANG_WARN_DOCUMENTATION_COMMENTS = YES;
				CLANG_WARN_EMPTY_BODY = YES;
				CLANG_WARN_ENUM_CONVERSION = YES;
				CLANG_WARN_INFINITE_RECURSION = YES;
				CLANG_WARN_INT_CONVERSION = YES;
				CLANG_WARN_NON_LITERAL_NULL_CONVERSION = YES;
				CLANG_WARN_OBJC_LITERAL_CONVERSION = YES;
				CLANG_WARN_OBJC_ROOT_CLASS = YES_ERROR;
				CLANG_WARN_RANGE_LOOP_ANALYSIS = YES;
				CLANG_WARN_STRICT_PROTOTYPES = YES;
				CLANG_WARN_SUSPICIOUS_MOVE = YES;
				CLANG_WARN_UNREACHABLE_CODE = YES;
				CLANG_WARN__DUPLICATE_METHOD_MATCH = YES;
				"CODE_SIGN_IDENTITY[sdk=iphoneos*]" = "iPhone Developer";
				COPY_PHASE_STRIP = NO;
				DEBUG_INFORMATION_FORMAT = dwarf;
				ENABLE_STRICT_OBJC_MSGSEND = YES;
				ENABLE_TESTABILITY = YES;
				GCC_C_LANGUAGE_STANDARD = gnu99;
				GCC_DYNAMIC_NO_PIC = NO;
				GCC_NO_COMMON_BLOCKS = YES;
				GCC_OPTIMIZATION_LEVEL = 0;
				GCC_PREPROCESSOR_DEFINITIONS = (
					"DEBUG=1",
					"$(inherited)",
				);
				GCC_WARN_64_TO_32_BIT_CONVERSION = YES;
				GCC_WARN_ABOUT_RETURN_TYPE = YES_ERROR;
				GCC_WARN_UNDECLARED_SELECTOR = YES;
				GCC_WARN_UNINITIALIZED_AUTOS = YES_AGGRESSIVE;
				GCC_WARN_UNUSED_FUNCTION = YES;
				GCC_WARN_UNUSED_VARIABLE = YES;
				IPHONEOS_DEPLOYMENT_TARGET = 11.0;
				MTL_ENABLE_DEBUG_INFO = YES;
				ONLY_ACTIVE_ARCH = YES;
				SDKROOT = iphoneos;
				SWIFT_ACTIVE_COMPILATION_CONDITIONS = DEBUG;
				SWIFT_OPTIMIZATION_LEVEL = "-Onone";
				SWIFT_VERSION = 4.0;
				TARGETED_DEVICE_FAMILY = "1,2";
			};
			name = Debug;
		};
		69A43EE11E5BEEA6003E6420 /* Release */ = {
			isa = XCBuildConfiguration;
			buildSettings = {
				ALWAYS_SEARCH_USER_PATHS = NO;
				CLANG_ANALYZER_NONNULL = YES;
				CLANG_CXX_LANGUAGE_STANDARD = "gnu++0x";
				CLANG_CXX_LIBRARY = "libc++";
				CLANG_ENABLE_MODULES = YES;
				CLANG_ENABLE_OBJC_ARC = YES;
				CLANG_WARN_BLOCK_CAPTURE_AUTORELEASING = YES;
				CLANG_WARN_BOOL_CONVERSION = YES;
				CLANG_WARN_COMMA = YES;
				CLANG_WARN_CONSTANT_CONVERSION = YES;
				CLANG_WARN_DIRECT_OBJC_ISA_USAGE = YES_ERROR;
				CLANG_WARN_DOCUMENTATION_COMMENTS = YES;
				CLANG_WARN_EMPTY_BODY = YES;
				CLANG_WARN_ENUM_CONVERSION = YES;
				CLANG_WARN_INFINITE_RECURSION = YES;
				CLANG_WARN_INT_CONVERSION = YES;
				CLANG_WARN_NON_LITERAL_NULL_CONVERSION = YES;
				CLANG_WARN_OBJC_LITERAL_CONVERSION = YES;
				CLANG_WARN_OBJC_ROOT_CLASS = YES_ERROR;
				CLANG_WARN_RANGE_LOOP_ANALYSIS = YES;
				CLANG_WARN_STRICT_PROTOTYPES = YES;
				CLANG_WARN_SUSPICIOUS_MOVE = YES;
				CLANG_WARN_UNREACHABLE_CODE = YES;
				CLANG_WARN__DUPLICATE_METHOD_MATCH = YES;
				"CODE_SIGN_IDENTITY[sdk=iphoneos*]" = "iPhone Developer";
				COPY_PHASE_STRIP = NO;
				DEBUG_INFORMATION_FORMAT = "dwarf-with-dsym";
				ENABLE_NS_ASSERTIONS = NO;
				ENABLE_STRICT_OBJC_MSGSEND = YES;
				GCC_C_LANGUAGE_STANDARD = gnu99;
				GCC_NO_COMMON_BLOCKS = YES;
				GCC_WARN_64_TO_32_BIT_CONVERSION = YES;
				GCC_WARN_ABOUT_RETURN_TYPE = YES_ERROR;
				GCC_WARN_UNDECLARED_SELECTOR = YES;
				GCC_WARN_UNINITIALIZED_AUTOS = YES_AGGRESSIVE;
				GCC_WARN_UNUSED_FUNCTION = YES;
				GCC_WARN_UNUSED_VARIABLE = YES;
				IPHONEOS_DEPLOYMENT_TARGET = 11.0;
				MTL_ENABLE_DEBUG_INFO = NO;
				SDKROOT = iphoneos;
				SWIFT_OPTIMIZATION_LEVEL = "-Owholemodule";
				SWIFT_VERSION = 4.0;
				TARGETED_DEVICE_FAMILY = "1,2";
				VALIDATE_PRODUCT = YES;
			};
			name = Release;
		};
		69A43EE31E5BEEA6003E6420 /* Debug */ = {
			isa = XCBuildConfiguration;
			baseConfigurationReference = 67BE7C9F4619CCF963CC9BF7 /* Pods-Dropp.debug.xcconfig */;
			buildSettings = {
				ALWAYS_EMBED_SWIFT_STANDARD_LIBRARIES = YES;
				ASSETCATALOG_COMPILER_APPICON_NAME = AppIcon;
				ASSETCATALOG_COMPILER_LAUNCHIMAGE_NAME = LaunchImage;
				CLANG_ENABLE_MODULES = YES;
				CODE_SIGN_ENTITLEMENTS = Dropp/Dropp.entitlements;
				DEVELOPMENT_TEAM = VW2FMQUB95;
				EMBED_ASSET_PACKS_IN_PRODUCT_BUNDLE = YES;
				INFOPLIST_FILE = Dropp/Info.plist;
				IPHONEOS_DEPLOYMENT_TARGET = 11.0;
				LD_RUNPATH_SEARCH_PATHS = "$(inherited) @executable_path/Frameworks";
				PRODUCT_BUNDLE_IDENTIFIER = com.groub.Dropp;
				PRODUCT_NAME = "$(TARGET_NAME)";
				SWIFT_OBJC_BRIDGING_HEADER = "/Users/stevenmccracken/GitHub/Dropp/Dropp/Dropp-swift/Dropp/Dropp/Dropp-Bridging-Header.h";
				SWIFT_OPTIMIZATION_LEVEL = "-Onone";
				SWIFT_VERSION = 4.0;
			};
			name = Debug;
		};
		69A43EE41E5BEEA6003E6420 /* Release */ = {
			isa = XCBuildConfiguration;
			baseConfigurationReference = EB40742B27E499A97CFB332D /* Pods-Dropp.release.xcconfig */;
			buildSettings = {
				ALWAYS_EMBED_SWIFT_STANDARD_LIBRARIES = YES;
				ASSETCATALOG_COMPILER_APPICON_NAME = AppIcon;
				ASSETCATALOG_COMPILER_LAUNCHIMAGE_NAME = LaunchImage;
				CLANG_ENABLE_MODULES = YES;
				CODE_SIGN_ENTITLEMENTS = Dropp/Dropp.entitlements;
				DEVELOPMENT_TEAM = VW2FMQUB95;
				EMBED_ASSET_PACKS_IN_PRODUCT_BUNDLE = YES;
				INFOPLIST_FILE = Dropp/Info.plist;
				IPHONEOS_DEPLOYMENT_TARGET = 11.0;
				LD_RUNPATH_SEARCH_PATHS = "$(inherited) @executable_path/Frameworks";
				PRODUCT_BUNDLE_IDENTIFIER = com.groub.Dropp;
				PRODUCT_NAME = "$(TARGET_NAME)";
				SWIFT_OBJC_BRIDGING_HEADER = "/Users/stevenmccracken/GitHub/Dropp/Dropp/Dropp-swift/Dropp/Dropp/Dropp-Bridging-Header.h";
				SWIFT_VERSION = 4.0;
			};
			name = Release;
		};
		69A43EE61E5BEEA6003E6420 /* Debug */ = {
			isa = XCBuildConfiguration;
			baseConfigurationReference = C8C79D64338806A8EA2434B8 /* Pods-DroppTests.debug.xcconfig */;
			buildSettings = {
				ALWAYS_EMBED_SWIFT_STANDARD_LIBRARIES = YES;
				BUNDLE_LOADER = "$(TEST_HOST)";
				INFOPLIST_FILE = DroppTests/Info.plist;
				LD_RUNPATH_SEARCH_PATHS = "$(inherited) @executable_path/Frameworks @loader_path/Frameworks";
				PRODUCT_BUNDLE_IDENTIFIER = com.groub.DroppTests;
				PRODUCT_NAME = "$(TARGET_NAME)";
				SWIFT_SWIFT3_OBJC_INFERENCE = Off;
				SWIFT_VERSION = 4.0;
				TEST_HOST = "$(BUILT_PRODUCTS_DIR)/Dropp.app/Dropp";
			};
			name = Debug;
		};
		69A43EE71E5BEEA6003E6420 /* Release */ = {
			isa = XCBuildConfiguration;
			baseConfigurationReference = 82C32FA3983AA44EA1F10D1D /* Pods-DroppTests.release.xcconfig */;
			buildSettings = {
				ALWAYS_EMBED_SWIFT_STANDARD_LIBRARIES = YES;
				BUNDLE_LOADER = "$(TEST_HOST)";
				INFOPLIST_FILE = DroppTests/Info.plist;
				LD_RUNPATH_SEARCH_PATHS = "$(inherited) @executable_path/Frameworks @loader_path/Frameworks";
				PRODUCT_BUNDLE_IDENTIFIER = com.groub.DroppTests;
				PRODUCT_NAME = "$(TARGET_NAME)";
				SWIFT_SWIFT3_OBJC_INFERENCE = Off;
				SWIFT_VERSION = 4.0;
				TEST_HOST = "$(BUILT_PRODUCTS_DIR)/Dropp.app/Dropp";
			};
			name = Release;
		};
/* End XCBuildConfiguration section */

/* Begin XCConfigurationList section */
		69A43EC01E5BEEA6003E6420 /* Build configuration list for PBXProject "Dropp" */ = {
			isa = XCConfigurationList;
			buildConfigurations = (
				69A43EE01E5BEEA6003E6420 /* Debug */,
				69A43EE11E5BEEA6003E6420 /* Release */,
			);
			defaultConfigurationIsVisible = 0;
			defaultConfigurationName = Release;
		};
		69A43EE21E5BEEA6003E6420 /* Build configuration list for PBXNativeTarget "Dropp" */ = {
			isa = XCConfigurationList;
			buildConfigurations = (
				69A43EE31E5BEEA6003E6420 /* Debug */,
				69A43EE41E5BEEA6003E6420 /* Release */,
			);
			defaultConfigurationIsVisible = 0;
			defaultConfigurationName = Release;
		};
		69A43EE51E5BEEA6003E6420 /* Build configuration list for PBXNativeTarget "DroppTests" */ = {
			isa = XCConfigurationList;
			buildConfigurations = (
				69A43EE61E5BEEA6003E6420 /* Debug */,
				69A43EE71E5BEEA6003E6420 /* Release */,
			);
			defaultConfigurationIsVisible = 0;
			defaultConfigurationName = Release;
		};
/* End XCConfigurationList section */
	};
	rootObject = 69A43EBD1E5BEEA6003E6420 /* Project object */;
}
