// !$*UTF8*$!
{
	archiveVersion = 1;
	classes = {
	};
	objectVersion = 46;
	objects = {

/* Begin PBXBuildFile section */
		161D6FA51EB974A0008A63FB /* DetailViewController.swift in Sources */ = {isa = PBXBuildFile; fileRef = 161D6FA41EB974A0008A63FB /* DetailViewController.swift */; };
		1631B0001E96D5BE00820B09 /* FeedTableViewController.swift in Sources */ = {isa = PBXBuildFile; fileRef = 1631AFFF1E96D5BE00820B09 /* FeedTableViewController.swift */; };
		16AF6C0B1E9B30270022C051 /* UserObject.swift in Sources */ = {isa = PBXBuildFile; fileRef = 16AF6C0A1E9B30270022C051 /* UserObject.swift */; };
		16AF6C0D1E9B35B00022C051 /* UserStore.swift in Sources */ = {isa = PBXBuildFile; fileRef = 16AF6C0C1E9B35B00022C051 /* UserStore.swift */; };
		16F1EAA61EAFE70300AA0108 /* message-7.png in Resources */ = {isa = PBXBuildFile; fileRef = 16F1EAA41EAFE70300AA0108 /* message-7.png */; };
		16F1EAA71EAFE70300AA0108 /* list-fat-7.png in Resources */ = {isa = PBXBuildFile; fileRef = 16F1EAA51EAFE70300AA0108 /* list-fat-7.png */; };
		69789C581E8A055500FA0605 /* FeedViewController.swift in Sources */ = {isa = PBXBuildFile; fileRef = 69789C571E8A055500FA0605 /* FeedViewController.swift */; };
		69A43EC91E5BEEA6003E6420 /* AppDelegate.swift in Sources */ = {isa = PBXBuildFile; fileRef = 69A43EC81E5BEEA6003E6420 /* AppDelegate.swift */; };
		69A43ECB1E5BEEA6003E6420 /* ViewController.swift in Sources */ = {isa = PBXBuildFile; fileRef = 69A43ECA1E5BEEA6003E6420 /* ViewController.swift */; };
		69A43ECE1E5BEEA6003E6420 /* Main.storyboard in Resources */ = {isa = PBXBuildFile; fileRef = 69A43ECC1E5BEEA6003E6420 /* Main.storyboard */; };
		69A43ED01E5BEEA6003E6420 /* Assets.xcassets in Resources */ = {isa = PBXBuildFile; fileRef = 69A43ECF1E5BEEA6003E6420 /* Assets.xcassets */; };
		69A43ED31E5BEEA6003E6420 /* LaunchScreen.storyboard in Resources */ = {isa = PBXBuildFile; fileRef = 69A43ED11E5BEEA6003E6420 /* LaunchScreen.storyboard */; };
		69A43EDE1E5BEEA6003E6420 /* DroppTests.swift in Sources */ = {isa = PBXBuildFile; fileRef = 69A43EDD1E5BEEA6003E6420 /* DroppTests.swift */; };
		69A43EE91E5BF19C003E6420 /* AppIcon.appiconset in Resources */ = {isa = PBXBuildFile; fileRef = 69A43EE81E5BF19C003E6420 /* AppIcon.appiconset */; };
/* End PBXBuildFile section */

/* Begin PBXContainerItemProxy section */
		69A43EDA1E5BEEA6003E6420 /* PBXContainerItemProxy */ = {
			isa = PBXContainerItemProxy;
			containerPortal = 69A43EBD1E5BEEA6003E6420 /* Project object */;
			proxyType = 1;
			remoteGlobalIDString = 69A43EC41E5BEEA6003E6420;
			remoteInfo = Dropp;
		};
/* End PBXContainerItemProxy section */

/* Begin PBXFileReference section */
		161D6FA41EB974A0008A63FB /* DetailViewController.swift */ = {isa = PBXFileReference; fileEncoding = 4; lastKnownFileType = sourcecode.swift; path = DetailViewController.swift; sourceTree = "<group>"; };
		1631AFFF1E96D5BE00820B09 /* FeedTableViewController.swift */ = {isa = PBXFileReference; fileEncoding = 4; lastKnownFileType = sourcecode.swift; name = FeedTableViewController.swift; path = ../FeedTableViewController.swift; sourceTree = "<group>"; };
		16AF6C0A1E9B30270022C051 /* UserObject.swift */ = {isa = PBXFileReference; fileEncoding = 4; lastKnownFileType = sourcecode.swift; name = UserObject.swift; path = ../UserObject.swift; sourceTree = "<group>"; };
		16AF6C0C1E9B35B00022C051 /* UserStore.swift */ = {isa = PBXFileReference; fileEncoding = 4; lastKnownFileType = sourcecode.swift; path = UserStore.swift; sourceTree = "<group>"; };
		16F1EAA41EAFE70300AA0108 /* message-7.png */ = {isa = PBXFileReference; lastKnownFileType = image.png; path = "message-7.png"; sourceTree = "<group>"; };
		16F1EAA51EAFE70300AA0108 /* list-fat-7.png */ = {isa = PBXFileReference; lastKnownFileType = image.png; path = "list-fat-7.png"; sourceTree = "<group>"; };
		69789C571E8A055500FA0605 /* FeedViewController.swift */ = {isa = PBXFileReference; fileEncoding = 4; lastKnownFileType = sourcecode.swift; name = FeedViewController.swift; path = Dropp/FeedViewController.swift; sourceTree = "<group>"; };
		69A43EC51E5BEEA6003E6420 /* Dropp.app */ = {isa = PBXFileReference; explicitFileType = wrapper.application; includeInIndex = 0; path = Dropp.app; sourceTree = BUILT_PRODUCTS_DIR; };
		69A43EC81E5BEEA6003E6420 /* AppDelegate.swift */ = {isa = PBXFileReference; lastKnownFileType = sourcecode.swift; path = AppDelegate.swift; sourceTree = "<group>"; };
		69A43ECA1E5BEEA6003E6420 /* ViewController.swift */ = {isa = PBXFileReference; lastKnownFileType = sourcecode.swift; path = ViewController.swift; sourceTree = "<group>"; };
		69A43ECD1E5BEEA6003E6420 /* Base */ = {isa = PBXFileReference; lastKnownFileType = file.storyboard; name = Base; path = Base.lproj/Main.storyboard; sourceTree = "<group>"; };
		69A43ECF1E5BEEA6003E6420 /* Assets.xcassets */ = {isa = PBXFileReference; lastKnownFileType = folder.assetcatalog; path = Assets.xcassets; sourceTree = "<group>"; };
		69A43ED21E5BEEA6003E6420 /* Base */ = {isa = PBXFileReference; lastKnownFileType = file.storyboard; name = Base; path = Base.lproj/LaunchScreen.storyboard; sourceTree = "<group>"; };
		69A43ED41E5BEEA6003E6420 /* Info.plist */ = {isa = PBXFileReference; lastKnownFileType = text.plist.xml; path = Info.plist; sourceTree = "<group>"; };
		69A43ED91E5BEEA6003E6420 /* DroppTests.xctest */ = {isa = PBXFileReference; explicitFileType = wrapper.cfbundle; includeInIndex = 0; path = DroppTests.xctest; sourceTree = BUILT_PRODUCTS_DIR; };
		69A43EDD1E5BEEA6003E6420 /* DroppTests.swift */ = {isa = PBXFileReference; lastKnownFileType = sourcecode.swift; path = DroppTests.swift; sourceTree = "<group>"; };
		69A43EDF1E5BEEA6003E6420 /* Info.plist */ = {isa = PBXFileReference; lastKnownFileType = text.plist.xml; path = Info.plist; sourceTree = "<group>"; };
		69A43EE81E5BF19C003E6420 /* AppIcon.appiconset */ = {isa = PBXFileReference; lastKnownFileType = folder; name = AppIcon.appiconset; path = ../../Icons/AppIcon.appiconset; sourceTree = "<group>"; };
/* End PBXFileReference section */

/* Begin PBXFrameworksBuildPhase section */
		69A43EC21E5BEEA6003E6420 /* Frameworks */ = {
			isa = PBXFrameworksBuildPhase;
			buildActionMask = 2147483647;
			files = (
			);
			runOnlyForDeploymentPostprocessing = 0;
		};
		69A43ED61E5BEEA6003E6420 /* Frameworks */ = {
			isa = PBXFrameworksBuildPhase;
			buildActionMask = 2147483647;
			files = (
			);
			runOnlyForDeploymentPostprocessing = 0;
		};
/* End PBXFrameworksBuildPhase section */

/* Begin PBXGroup section */
		69A43EBC1E5BEEA6003E6420 = {
			isa = PBXGroup;
			children = (
				69789C571E8A055500FA0605 /* FeedViewController.swift */,
				69A43EC71E5BEEA6003E6420 /* Dropp */,
				69A43EDC1E5BEEA6003E6420 /* DroppTests */,
				69A43EC61E5BEEA6003E6420 /* Products */,
			);
			sourceTree = "<group>";
		};
		69A43EC61E5BEEA6003E6420 /* Products */ = {
			isa = PBXGroup;
			children = (
				69A43EC51E5BEEA6003E6420 /* Dropp.app */,
				69A43ED91E5BEEA6003E6420 /* DroppTests.xctest */,
			);
			name = Products;
			sourceTree = "<group>";
		};
		69A43EC71E5BEEA6003E6420 /* Dropp */ = {
			isa = PBXGroup;
			children = (
				69A43EC81E5BEEA6003E6420 /* AppDelegate.swift */,
				69A43ECA1E5BEEA6003E6420 /* ViewController.swift */,
				69A43ECC1E5BEEA6003E6420 /* Main.storyboard */,
				1631AFFF1E96D5BE00820B09 /* FeedTableViewController.swift */,
				161D6FA41EB974A0008A63FB /* DetailViewController.swift */,
				16AF6C0A1E9B30270022C051 /* UserObject.swift */,
				16AF6C0C1E9B35B00022C051 /* UserStore.swift */,
				69A43ECF1E5BEEA6003E6420 /* Assets.xcassets */,
				16F1EAA41EAFE70300AA0108 /* message-7.png */,
				16F1EAA51EAFE70300AA0108 /* list-fat-7.png */,
				69A43EE81E5BF19C003E6420 /* AppIcon.appiconset */,
				69A43ED11E5BEEA6003E6420 /* LaunchScreen.storyboard */,
				69A43ED41E5BEEA6003E6420 /* Info.plist */,
			);
			path = Dropp;
			sourceTree = "<group>";
		};
		69A43EDC1E5BEEA6003E6420 /* DroppTests */ = {
			isa = PBXGroup;
			children = (
				69A43EDD1E5BEEA6003E6420 /* DroppTests.swift */,
				69A43EDF1E5BEEA6003E6420 /* Info.plist */,
			);
			path = DroppTests;
			sourceTree = "<group>";
		};
/* End PBXGroup section */

/* Begin PBXNativeTarget section */
		69A43EC41E5BEEA6003E6420 /* Dropp */ = {
			isa = PBXNativeTarget;
			buildConfigurationList = 69A43EE21E5BEEA6003E6420 /* Build configuration list for PBXNativeTarget "Dropp" */;
			buildPhases = (
				69A43EC11E5BEEA6003E6420 /* Sources */,
				69A43EC21E5BEEA6003E6420 /* Frameworks */,
				69A43EC31E5BEEA6003E6420 /* Resources */,
			);
			buildRules = (
			);
			dependencies = (
			);
			name = Dropp;
			productName = Dropp;
			productReference = 69A43EC51E5BEEA6003E6420 /* Dropp.app */;
			productType = "com.apple.product-type.application";
		};
		69A43ED81E5BEEA6003E6420 /* DroppTests */ = {
			isa = PBXNativeTarget;
			buildConfigurationList = 69A43EE51E5BEEA6003E6420 /* Build configuration list for PBXNativeTarget "DroppTests" */;
			buildPhases = (
				69A43ED51E5BEEA6003E6420 /* Sources */,
				69A43ED61E5BEEA6003E6420 /* Frameworks */,
				69A43ED71E5BEEA6003E6420 /* Resources */,
			);
			buildRules = (
			);
			dependencies = (
				69A43EDB1E5BEEA6003E6420 /* PBXTargetDependency */,
			);
			name = DroppTests;
			productName = DroppTests;
			productReference = 69A43ED91E5BEEA6003E6420 /* DroppTests.xctest */;
			productType = "com.apple.product-type.bundle.unit-test";
		};
/* End PBXNativeTarget section */

/* Begin PBXProject section */
		69A43EBD1E5BEEA6003E6420 /* Project object */ = {
			isa = PBXProject;
			attributes = {
				LastSwiftUpdateCheck = 0820;
				LastUpgradeCheck = 0820;
				ORGANIZATIONNAME = "Group B";
				TargetAttributes = {
					69A43EC41E5BEEA6003E6420 = {
						CreatedOnToolsVersion = 8.2.1;
						DevelopmentTeam = MREFAZBH67;
						ProvisioningStyle = Automatic;
					};
					69A43ED81E5BEEA6003E6420 = {
						CreatedOnToolsVersion = 8.2.1;
						ProvisioningStyle = Automatic;
						TestTargetID = 69A43EC41E5BEEA6003E6420;
					};
				};
			};
			buildConfigurationList = 69A43EC01E5BEEA6003E6420 /* Build configuration list for PBXProject "Dropp" */;
			compatibilityVersion = "Xcode 3.2";
			developmentRegion = English;
			hasScannedForEncodings = 0;
			knownRegions = (
				en,
				Base,
			);
			mainGroup = 69A43EBC1E5BEEA6003E6420;
			productRefGroup = 69A43EC61E5BEEA6003E6420 /* Products */;
			projectDirPath = "";
			projectRoot = "";
			targets = (
				69A43EC41E5BEEA6003E6420 /* Dropp */,
				69A43ED81E5BEEA6003E6420 /* DroppTests */,
			);
		};
/* End PBXProject section */

/* Begin PBXResourcesBuildPhase section */
		69A43EC31E5BEEA6003E6420 /* Resources */ = {
			isa = PBXResourcesBuildPhase;
			buildActionMask = 2147483647;
			files = (
				16F1EAA61EAFE70300AA0108 /* message-7.png in Resources */,
				69A43EE91E5BF19C003E6420 /* AppIcon.appiconset in Resources */,
				69A43ED31E5BEEA6003E6420 /* LaunchScreen.storyboard in Resources */,
				16F1EAA71EAFE70300AA0108 /* list-fat-7.png in Resources */,
				69A43ED01E5BEEA6003E6420 /* Assets.xcassets in Resources */,
				69A43ECE1E5BEEA6003E6420 /* Main.storyboard in Resources */,
			);
			runOnlyForDeploymentPostprocessing = 0;
		};
		69A43ED71E5BEEA6003E6420 /* Resources */ = {
			isa = PBXResourcesBuildPhase;
			buildActionMask = 2147483647;
			files = (
			);
			runOnlyForDeploymentPostprocessing = 0;
		};
/* End PBXResourcesBuildPhase section */

/* Begin PBXSourcesBuildPhase section */
		69A43EC11E5BEEA6003E6420 /* Sources */ = {
			isa = PBXSourcesBuildPhase;
			buildActionMask = 2147483647;
			files = (
				16AF6C0D1E9B35B00022C051 /* UserStore.swift in Sources */,
				69A43ECB1E5BEEA6003E6420 /* ViewController.swift in Sources */,
				69789C581E8A055500FA0605 /* FeedViewController.swift in Sources */,
				69A43EC91E5BEEA6003E6420 /* AppDelegate.swift in Sources */,
				16AF6C0B1E9B30270022C051 /* UserObject.swift in Sources */,
				1631B0001E96D5BE00820B09 /* FeedTableViewController.swift in Sources */,
				161D6FA51EB974A0008A63FB /* DetailViewController.swift in Sources */,
			);
			runOnlyForDeploymentPostprocessing = 0;
		};
		69A43ED51E5BEEA6003E6420 /* Sources */ = {
			isa = PBXSourcesBuildPhase;
			buildActionMask = 2147483647;
			files = (
				69A43EDE1E5BEEA6003E6420 /* DroppTests.swift in Sources */,
			);
			runOnlyForDeploymentPostprocessing = 0;
		};
/* End PBXSourcesBuildPhase section */

/* Begin PBXTargetDependency section */
		69A43EDB1E5BEEA6003E6420 /* PBXTargetDependency */ = {
			isa = PBXTargetDependency;
			target = 69A43EC41E5BEEA6003E6420 /* Dropp */;
			targetProxy = 69A43EDA1E5BEEA6003E6420 /* PBXContainerItemProxy */;
		};
/* End PBXTargetDependency section */

/* Begin PBXVariantGroup section */
		69A43ECC1E5BEEA6003E6420 /* Main.storyboard */ = {
			isa = PBXVariantGroup;
			children = (
				69A43ECD1E5BEEA6003E6420 /* Base */,
			);
			name = Main.storyboard;
			sourceTree = "<group>";
		};
		69A43ED11E5BEEA6003E6420 /* LaunchScreen.storyboard */ = {
			isa = PBXVariantGroup;
			children = (
				69A43ED21E5BEEA6003E6420 /* Base */,
			);
			name = LaunchScreen.storyboard;
			sourceTree = "<group>";
		};
/* End PBXVariantGroup section */

/* Begin XCBuildConfiguration section */
		69A43EE01E5BEEA6003E6420 /* Debug */ = {
			isa = XCBuildConfiguration;
			buildSettings = {
				ALWAYS_SEARCH_USER_PATHS = NO;
				CLANG_ANALYZER_NONNULL = YES;
				CLANG_CXX_LANGUAGE_STANDARD = "gnu++0x";
				CLANG_CXX_LIBRARY = "libc++";
				CLANG_ENABLE_MODULES = YES;
				CLANG_ENABLE_OBJC_ARC = YES;
				CLANG_WARN_BOOL_CONVERSION = YES;
				CLANG_WARN_CONSTANT_CONVERSION = YES;
				CLANG_WARN_DIRECT_OBJC_ISA_USAGE = YES_ERROR;
				CLANG_WARN_DOCUMENTATION_COMMENTS = YES;
				CLANG_WARN_EMPTY_BODY = YES;
				CLANG_WARN_ENUM_CONVERSION = YES;
				CLANG_WARN_INFINITE_RECURSION = YES;
				CLANG_WARN_INT_CONVERSION = YES;
				CLANG_WARN_OBJC_ROOT_CLASS = YES_ERROR;
				CLANG_WARN_SUSPICIOUS_MOVE = YES;
				CLANG_WARN_UNREACHABLE_CODE = YES;
				CLANG_WARN__DUPLICATE_METHOD_MATCH = YES;
				"CODE_SIGN_IDENTITY[sdk=iphoneos*]" = "iPhone Developer";
				COPY_PHASE_STRIP = NO;
				DEBUG_INFORMATION_FORMAT = dwarf;
				ENABLE_STRICT_OBJC_MSGSEND = YES;
				ENABLE_TESTABILITY = YES;
				GCC_C_LANGUAGE_STANDARD = gnu99;
				GCC_DYNAMIC_NO_PIC = NO;
				GCC_NO_COMMON_BLOCKS = YES;
				GCC_OPTIMIZATION_LEVEL = 0;
				GCC_PREPROCESSOR_DEFINITIONS = (
					"DEBUG=1",
					"$(inherited)",
				);
				GCC_WARN_64_TO_32_BIT_CONVERSION = YES;
				GCC_WARN_ABOUT_RETURN_TYPE = YES_ERROR;
				GCC_WARN_UNDECLARED_SELECTOR = YES;
				GCC_WARN_UNINITIALIZED_AUTOS = YES_AGGRESSIVE;
				GCC_WARN_UNUSED_FUNCTION = YES;
				GCC_WARN_UNUSED_VARIABLE = YES;
				IPHONEOS_DEPLOYMENT_TARGET = 10.2;
				MTL_ENABLE_DEBUG_INFO = YES;
				ONLY_ACTIVE_ARCH = YES;
				SDKROOT = iphoneos;
				SWIFT_ACTIVE_COMPILATION_CONDITIONS = DEBUG;
				SWIFT_OPTIMIZATION_LEVEL = "-Onone";
				TARGETED_DEVICE_FAMILY = "1,2";
			};
			name = Debug;
		};
		69A43EE11E5BEEA6003E6420 /* Release */ = {
			isa = XCBuildConfiguration;
			buildSettings = {
				ALWAYS_SEARCH_USER_PATHS = NO;
				CLANG_ANALYZER_NONNULL = YES;
				CLANG_CXX_LANGUAGE_STANDARD = "gnu++0x";
				CLANG_CXX_LIBRARY = "libc++";
				CLANG_ENABLE_MODULES = YES;
				CLANG_ENABLE_OBJC_ARC = YES;
				CLANG_WARN_BOOL_CONVERSION = YES;
				CLANG_WARN_CONSTANT_CONVERSION = YES;
				CLANG_WARN_DIRECT_OBJC_ISA_USAGE = YES_ERROR;
				CLANG_WARN_DOCUMENTATION_COMMENTS = YES;
				CLANG_WARN_EMPTY_BODY = YES;
				CLANG_WARN_ENUM_CONVERSION = YES;
				CLANG_WARN_INFINITE_RECURSION = YES;
				CLANG_WARN_INT_CONVERSION = YES;
				CLANG_WARN_OBJC_ROOT_CLASS = YES_ERROR;
				CLANG_WARN_SUSPICIOUS_MOVE = YES;
				CLANG_WARN_UNREACHABLE_CODE = YES;
				CLANG_WARN__DUPLICATE_METHOD_MATCH = YES;
				"CODE_SIGN_IDENTITY[sdk=iphoneos*]" = "iPhone Developer";
				COPY_PHASE_STRIP = NO;
				DEBUG_INFORMATION_FORMAT = "dwarf-with-dsym";
				ENABLE_NS_ASSERTIONS = NO;
				ENABLE_STRICT_OBJC_MSGSEND = YES;
				GCC_C_LANGUAGE_STANDARD = gnu99;
				GCC_NO_COMMON_BLOCKS = YES;
				GCC_WARN_64_TO_32_BIT_CONVERSION = YES;
				GCC_WARN_ABOUT_RETURN_TYPE = YES_ERROR;
				GCC_WARN_UNDECLARED_SELECTOR = YES;
				GCC_WARN_UNINITIALIZED_AUTOS = YES_AGGRESSIVE;
				GCC_WARN_UNUSED_FUNCTION = YES;
				GCC_WARN_UNUSED_VARIABLE = YES;
				IPHONEOS_DEPLOYMENT_TARGET = 10.2;
				MTL_ENABLE_DEBUG_INFO = NO;
				SDKROOT = iphoneos;
				SWIFT_OPTIMIZATION_LEVEL = "-Owholemodule";
				TARGETED_DEVICE_FAMILY = "1,2";
				VALIDATE_PRODUCT = YES;
			};
			name = Release;
		};
		69A43EE31E5BEEA6003E6420 /* Debug */ = {
			isa = XCBuildConfiguration;
			buildSettings = {
				ALWAYS_EMBED_SWIFT_STANDARD_LIBRARIES = YES;
				ASSETCATALOG_COMPILER_APPICON_NAME = AppIcon;
				ASSETCATALOG_COMPILER_LAUNCHIMAGE_NAME = LaunchImage;
				DEVELOPMENT_TEAM = MREFAZBH67;
				EMBED_ASSET_PACKS_IN_PRODUCT_BUNDLE = YES;
				INFOPLIST_FILE = Dropp/Info.plist;
				LD_RUNPATH_SEARCH_PATHS = "$(inherited) @executable_path/Frameworks";
				PRODUCT_BUNDLE_IDENTIFIER = com.groub2.Dropp;
				PRODUCT_NAME = "$(TARGET_NAME)";
				SWIFT_VERSION = 3.0;
			};
			name = Debug;
		};
		69A43EE41E5BEEA6003E6420 /* Release */ = {
			isa = XCBuildConfiguration;
			buildSettings = {
				ALWAYS_EMBED_SWIFT_STANDARD_LIBRARIES = YES;
				ASSETCATALOG_COMPILER_APPICON_NAME = AppIcon;
				ASSETCATALOG_COMPILER_LAUNCHIMAGE_NAME = LaunchImage;
				DEVELOPMENT_TEAM = MREFAZBH67;
				EMBED_ASSET_PACKS_IN_PRODUCT_BUNDLE = YES;
				INFOPLIST_FILE = Dropp/Info.plist;
				LD_RUNPATH_SEARCH_PATHS = "$(inherited) @executable_path/Frameworks";
				PRODUCT_BUNDLE_IDENTIFIER = com.groub2.Dropp;
				PRODUCT_NAME = "$(TARGET_NAME)";
				SWIFT_VERSION = 3.0;
			};
			name = Release;
		};
		69A43EE61E5BEEA6003E6420 /* Debug */ = {
			isa = XCBuildConfiguration;
			buildSettings = {
				ALWAYS_EMBED_SWIFT_STANDARD_LIBRARIES = YES;
				BUNDLE_LOADER = "$(TEST_HOST)";
				INFOPLIST_FILE = DroppTests/Info.plist;
				LD_RUNPATH_SEARCH_PATHS = "$(inherited) @executable_path/Frameworks @loader_path/Frameworks";
				PRODUCT_BUNDLE_IDENTIFIER = com.groub.DroppTests;
				PRODUCT_NAME = "$(TARGET_NAME)";
				SWIFT_VERSION = 3.0;
				TEST_HOST = "$(BUILT_PRODUCTS_DIR)/Dropp.app/Dropp";
			};
			name = Debug;
		};
		69A43EE71E5BEEA6003E6420 /* Release */ = {
			isa = XCBuildConfiguration;
			buildSettings = {
				ALWAYS_EMBED_SWIFT_STANDARD_LIBRARIES = YES;
				BUNDLE_LOADER = "$(TEST_HOST)";
				INFOPLIST_FILE = DroppTests/Info.plist;
				LD_RUNPATH_SEARCH_PATHS = "$(inherited) @executable_path/Frameworks @loader_path/Frameworks";
				PRODUCT_BUNDLE_IDENTIFIER = com.groub.DroppTests;
				PRODUCT_NAME = "$(TARGET_NAME)";
				SWIFT_VERSION = 3.0;
				TEST_HOST = "$(BUILT_PRODUCTS_DIR)/Dropp.app/Dropp";
			};
			name = Release;
		};
/* End XCBuildConfiguration section */

/* Begin XCConfigurationList section */
		69A43EC01E5BEEA6003E6420 /* Build configuration list for PBXProject "Dropp" */ = {
			isa = XCConfigurationList;
			buildConfigurations = (
				69A43EE01E5BEEA6003E6420 /* Debug */,
				69A43EE11E5BEEA6003E6420 /* Release */,
			);
			defaultConfigurationIsVisible = 0;
			defaultConfigurationName = Release;
		};
		69A43EE21E5BEEA6003E6420 /* Build configuration list for PBXNativeTarget "Dropp" */ = {
			isa = XCConfigurationList;
			buildConfigurations = (
				69A43EE31E5BEEA6003E6420 /* Debug */,
				69A43EE41E5BEEA6003E6420 /* Release */,
			);
			defaultConfigurationIsVisible = 0;
			defaultConfigurationName = Release;
		};
		69A43EE51E5BEEA6003E6420 /* Build configuration list for PBXNativeTarget "DroppTests" */ = {
			isa = XCConfigurationList;
			buildConfigurations = (
				69A43EE61E5BEEA6003E6420 /* Debug */,
				69A43EE71E5BEEA6003E6420 /* Release */,
			);
			defaultConfigurationIsVisible = 0;
			defaultConfigurationName = Release;
		};
/* End XCConfigurationList section */
	};
	rootObject = 69A43EBD1E5BEEA6003E6420 /* Project object */;
}
